// !$*UTF8*$!
{
	archiveVersion = 1;
	classes = {
	};
	objectVersion = 46;
	objects = {

/* Begin PBXBuildFile section */
		32D8B8F21AFDEA2900DB903E /* AppDelegate.swift in Sources */ = {isa = PBXBuildFile; fileRef = 32D8B8F11AFDEA2900DB903E /* AppDelegate.swift */; };
		32D8B8F41AFDEA2900DB903E /* ViewController.swift in Sources */ = {isa = PBXBuildFile; fileRef = 32D8B8F31AFDEA2900DB903E /* ViewController.swift */; };
		32D8B8F71AFDEA2900DB903E /* Main.storyboard in Resources */ = {isa = PBXBuildFile; fileRef = 32D8B8F51AFDEA2900DB903E /* Main.storyboard */; };
		32D8B8F91AFDEA2900DB903E /* Images.xcassets in Resources */ = {isa = PBXBuildFile; fileRef = 32D8B8F81AFDEA2900DB903E /* Images.xcassets */; };
		32D8B8FC1AFDEA2900DB903E /* LaunchScreen.xib in Resources */ = {isa = PBXBuildFile; fileRef = 32D8B8FA1AFDEA2900DB903E /* LaunchScreen.xib */; };
		32D8B9081AFDEA2900DB903E /* AutoLayout_question1Tests.swift in Sources */ = {isa = PBXBuildFile; fileRef = 32D8B9071AFDEA2900DB903E /* AutoLayout_question1Tests.swift */; };
/* End PBXBuildFile section */

/* Begin PBXContainerItemProxy section */
		32D8B9021AFDEA2900DB903E /* PBXContainerItemProxy */ = {
			isa = PBXContainerItemProxy;
			containerPortal = 32D8B8E41AFDEA2900DB903E /* Project object */;
			proxyType = 1;
			remoteGlobalIDString = 32D8B8EB1AFDEA2900DB903E;
			remoteInfo = "AutoLayout-question1";
		};
/* End PBXContainerItemProxy section */

/* Begin PBXFileReference section */
		32D8B8EC1AFDEA2900DB903E /* AutoLayout-question1.app */ = {isa = PBXFileReference; explicitFileType = wrapper.application; includeInIndex = 0; path = "AutoLayout-question1.app"; sourceTree = BUILT_PRODUCTS_DIR; };
		32D8B8F01AFDEA2900DB903E /* Info.plist */ = {isa = PBXFileReference; lastKnownFileType = text.plist.xml; path = Info.plist; sourceTree = "<group>"; };
		32D8B8F11AFDEA2900DB903E /* AppDelegate.swift */ = {isa = PBXFileReference; lastKnownFileType = sourcecode.swift; path = AppDelegate.swift; sourceTree = "<group>"; };
		32D8B8F31AFDEA2900DB903E /* ViewController.swift */ = {isa = PBXFileReference; lastKnownFileType = sourcecode.swift; path = ViewController.swift; sourceTree = "<group>"; };
		32D8B8F61AFDEA2900DB903E /* Base */ = {isa = PBXFileReference; lastKnownFileType = file.storyboard; name = Base; path = Base.lproj/Main.storyboard; sourceTree = "<group>"; };
		32D8B8F81AFDEA2900DB903E /* Images.xcassets */ = {isa = PBXFileReference; lastKnownFileType = folder.assetcatalog; path = Images.xcassets; sourceTree = "<group>"; };
		32D8B8FB1AFDEA2900DB903E /* Base */ = {isa = PBXFileReference; lastKnownFileType = file.xib; name = Base; path = Base.lproj/LaunchScreen.xib; sourceTree = "<group>"; };
		32D8B9011AFDEA2900DB903E /* AutoLayout-question1Tests.xctest */ = {isa = PBXFileReference; explicitFileType = wrapper.cfbundle; includeInIndex = 0; path = "AutoLayout-question1Tests.xctest"; sourceTree = BUILT_PRODUCTS_DIR; };
		32D8B9061AFDEA2900DB903E /* Info.plist */ = {isa = PBXFileReference; lastKnownFileType = text.plist.xml; path = Info.plist; sourceTree = "<group>"; };
		32D8B9071AFDEA2900DB903E /* AutoLayout_question1Tests.swift */ = {isa = PBXFileReference; lastKnownFileType = sourcecode.swift; path = AutoLayout_question1Tests.swift; sourceTree = "<group>"; };
/* End PBXFileReference section */

/* Begin PBXFrameworksBuildPhase section */
		32D8B8E91AFDEA2900DB903E /* Frameworks */ = {
			isa = PBXFrameworksBuildPhase;
			buildActionMask = 2147483647;
			files = (
			);
			runOnlyForDeploymentPostprocessing = 0;
		};
		32D8B8FE1AFDEA2900DB903E /* Frameworks */ = {
			isa = PBXFrameworksBuildPhase;
			buildActionMask = 2147483647;
			files = (
			);
			runOnlyForDeploymentPostprocessing = 0;
		};
/* End PBXFrameworksBuildPhase section */

/* Begin PBXGroup section */
		32D8B8E31AFDEA2900DB903E = {
			isa = PBXGroup;
			children = (
				32D8B8EE1AFDEA2900DB903E /* AutoLayout-question1 */,
				32D8B9041AFDEA2900DB903E /* AutoLayout-question1Tests */,
				32D8B8ED1AFDEA2900DB903E /* Products */,
			);
			sourceTree = "<group>";
		};
		32D8B8ED1AFDEA2900DB903E /* Products */ = {
			isa = PBXGroup;
			children = (
				32D8B8EC1AFDEA2900DB903E /* AutoLayout-question1.app */,
				32D8B9011AFDEA2900DB903E /* AutoLayout-question1Tests.xctest */,
			);
			name = Products;
			sourceTree = "<group>";
		};
		32D8B8EE1AFDEA2900DB903E /* AutoLayout-question1 */ = {
			isa = PBXGroup;
			children = (
				32D8B8F11AFDEA2900DB903E /* AppDelegate.swift */,
				32D8B8F31AFDEA2900DB903E /* ViewController.swift */,
				32D8B8F51AFDEA2900DB903E /* Main.storyboard */,
				32D8B8F81AFDEA2900DB903E /* Images.xcassets */,
				32D8B8FA1AFDEA2900DB903E /* LaunchScreen.xib */,
				32D8B8EF1AFDEA2900DB903E /* Supporting Files */,
			);
			path = "AutoLayout-question1";
			sourceTree = "<group>";
		};
		32D8B8EF1AFDEA2900DB903E /* Supporting Files */ = {
			isa = PBXGroup;
			children = (
				32D8B8F01AFDEA2900DB903E /* Info.plist */,
			);
			name = "Supporting Files";
			sourceTree = "<group>";
		};
		32D8B9041AFDEA2900DB903E /* AutoLayout-question1Tests */ = {
			isa = PBXGroup;
			children = (
				32D8B9071AFDEA2900DB903E /* AutoLayout_question1Tests.swift */,
				32D8B9051AFDEA2900DB903E /* Supporting Files */,
			);
			path = "AutoLayout-question1Tests";
			sourceTree = "<group>";
		};
		32D8B9051AFDEA2900DB903E /* Supporting Files */ = {
			isa = PBXGroup;
			children = (
				32D8B9061AFDEA2900DB903E /* Info.plist */,
			);
			name = "Supporting Files";
			sourceTree = "<group>";
		};
/* End PBXGroup section */

/* Begin PBXNativeTarget section */
		32D8B8EB1AFDEA2900DB903E /* AutoLayout-question1 */ = {
			isa = PBXNativeTarget;
			buildConfigurationList = 32D8B90B1AFDEA2900DB903E /* Build configuration list for PBXNativeTarget "AutoLayout-question1" */;
			buildPhases = (
				32D8B8E81AFDEA2900DB903E /* Sources */,
				32D8B8E91AFDEA2900DB903E /* Frameworks */,
				32D8B8EA1AFDEA2900DB903E /* Resources */,
			);
			buildRules = (
			);
			dependencies = (
			);
			name = "AutoLayout-question1";
			productName = "AutoLayout-question1";
			productReference = 32D8B8EC1AFDEA2900DB903E /* AutoLayout-question1.app */;
			productType = "com.apple.product-type.application";
		};
		32D8B9001AFDEA2900DB903E /* AutoLayout-question1Tests */ = {
			isa = PBXNativeTarget;
			buildConfigurationList = 32D8B90E1AFDEA2900DB903E /* Build configuration list for PBXNativeTarget "AutoLayout-question1Tests" */;
			buildPhases = (
				32D8B8FD1AFDEA2900DB903E /* Sources */,
				32D8B8FE1AFDEA2900DB903E /* Frameworks */,
				32D8B8FF1AFDEA2900DB903E /* Resources */,
			);
			buildRules = (
			);
			dependencies = (
				32D8B9031AFDEA2900DB903E /* PBXTargetDependency */,
			);
			name = "AutoLayout-question1Tests";
			productName = "AutoLayout-question1Tests";
			productReference = 32D8B9011AFDEA2900DB903E /* AutoLayout-question1Tests.xctest */;
			productType = "com.apple.product-type.bundle.unit-test";
		};
/* End PBXNativeTarget section */

/* Begin PBXProject section */
		32D8B8E41AFDEA2900DB903E /* Project object */ = {
			isa = PBXProject;
			attributes = {
				LastUpgradeCheck = 0630;
				ORGANIZATIONNAME = "shinbo maiki";
				TargetAttributes = {
					32D8B8EB1AFDEA2900DB903E = {
						CreatedOnToolsVersion = 6.3.1;
					};
					32D8B9001AFDEA2900DB903E = {
						CreatedOnToolsVersion = 6.3.1;
						TestTargetID = 32D8B8EB1AFDEA2900DB903E;
					};
				};
			};
			buildConfigurationList = 32D8B8E71AFDEA2900DB903E /* Build configuration list for PBXProject "AutoLayout-question1" */;
			compatibilityVersion = "Xcode 3.2";
			developmentRegion = English;
			hasScannedForEncodings = 0;
			knownRegions = (
				en,
				Base,
			);
			mainGroup = 32D8B8E31AFDEA2900DB903E;
			productRefGroup = 32D8B8ED1AFDEA2900DB903E /* Products */;
			projectDirPath = "";
			projectRoot = "";
			targets = (
				32D8B8EB1AFDEA2900DB903E /* AutoLayout-question1 */,
				32D8B9001AFDEA2900DB903E /* AutoLayout-question1Tests */,
			);
		};
/* End PBXProject section */

/* Begin PBXResourcesBuildPhase section */
		32D8B8EA1AFDEA2900DB903E /* Resources */ = {
			isa = PBXResourcesBuildPhase;
			buildActionMask = 2147483647;
			files = (
				32D8B8F71AFDEA2900DB903E /* Main.storyboard in Resources */,
				32D8B8FC1AFDEA2900DB903E /* LaunchScreen.xib in Resources */,
				32D8B8F91AFDEA2900DB903E /* Images.xcassets in Resources */,
			);
			runOnlyForDeploymentPostprocessing = 0;
		};
		32D8B8FF1AFDEA2900DB903E /* Resources */ = {
			isa = PBXResourcesBuildPhase;
			buildActionMask = 2147483647;
			files = (
			);
			runOnlyForDeploymentPostprocessing = 0;
		};
/* End PBXResourcesBuildPhase section */

/* Begin PBXSourcesBuildPhase section */
		32D8B8E81AFDEA2900DB903E /* Sources */ = {
			isa = PBXSourcesBuildPhase;
			buildActionMask = 2147483647;
			files = (
				32D8B8F41AFDEA2900DB903E /* ViewController.swift in Sources */,
				32D8B8F21AFDEA2900DB903E /* AppDelegate.swift in Sources */,
			);
			runOnlyForDeploymentPostprocessing = 0;
		};
		32D8B8FD1AFDEA2900DB903E /* Sources */ = {
			isa = PBXSourcesBuildPhase;
			buildActionMask = 2147483647;
			files = (
				32D8B9081AFDEA2900DB903E /* AutoLayout_question1Tests.swift in Sources */,
			);
			runOnlyForDeploymentPostprocessing = 0;
		};
/* End PBXSourcesBuildPhase section */

/* Begin PBXTargetDependency section */
		32D8B9031AFDEA2900DB903E /* PBXTargetDependency */ = {
			isa = PBXTargetDependency;
			target = 32D8B8EB1AFDEA2900DB903E /* AutoLayout-question1 */;
			targetProxy = 32D8B9021AFDEA2900DB903E /* PBXContainerItemProxy */;
		};
/* End PBXTargetDependency section */

/* Begin PBXVariantGroup section */
		32D8B8F51AFDEA2900DB903E /* Main.storyboard */ = {
			isa = PBXVariantGroup;
			children = (
				32D8B8F61AFDEA2900DB903E /* Base */,
			);
			name = Main.storyboard;
			sourceTree = "<group>";
		};
		32D8B8FA1AFDEA2900DB903E /* LaunchScreen.xib */ = {
			isa = PBXVariantGroup;
			children = (
				32D8B8FB1AFDEA2900DB903E /* Base */,
			);
			name = LaunchScreen.xib;
			sourceTree = "<group>";
		};
/* End PBXVariantGroup section */

/* Begin XCBuildConfiguration section */
		32D8B9091AFDEA2900DB903E /* Debug */ = {
			isa = XCBuildConfiguration;
			buildSettings = {
				ALWAYS_SEARCH_USER_PATHS = NO;
				CLANG_CXX_LANGUAGE_STANDARD = "gnu++0x";
				CLANG_CXX_LIBRARY = "libc++";
				CLANG_ENABLE_MODULES = YES;
				CLANG_ENABLE_OBJC_ARC = YES;
				CLANG_WARN_BOOL_CONVERSION = YES;
				CLANG_WARN_CONSTANT_CONVERSION = YES;
				CLANG_WARN_DIRECT_OBJC_ISA_USAGE = YES_ERROR;
				CLANG_WARN_EMPTY_BODY = YES;
				CLANG_WARN_ENUM_CONVERSION = YES;
				CLANG_WARN_INT_CONVERSION = YES;
				CLANG_WARN_OBJC_ROOT_CLASS = YES_ERROR;
				CLANG_WARN_UNREACHABLE_CODE = YES;
				CLANG_WARN__DUPLICATE_METHOD_MATCH = YES;
				"CODE_SIGN_IDENTITY[sdk=iphoneos*]" = "iPhone Developer";
				COPY_PHASE_STRIP = NO;
				DEBUG_INFORMATION_FORMAT = "dwarf-with-dsym";
				ENABLE_STRICT_OBJC_MSGSEND = YES;
				GCC_C_LANGUAGE_STANDARD = gnu99;
				GCC_DYNAMIC_NO_PIC = NO;
				GCC_NO_COMMON_BLOCKS = YES;
				GCC_OPTIMIZATION_LEVEL = 0;
				GCC_PREPROCESSOR_DEFINITIONS = (
					"DEBUG=1",
					"$(inherited)",
				);
				GCC_SYMBOLS_PRIVATE_EXTERN = NO;
				GCC_WARN_64_TO_32_BIT_CONVERSION = YES;
				GCC_WARN_ABOUT_RETURN_TYPE = YES_ERROR;
				GCC_WARN_UNDECLARED_SELECTOR = YES;
				GCC_WARN_UNINITIALIZED_AUTOS = YES_AGGRESSIVE;
				GCC_WARN_UNUSED_FUNCTION = YES;
				GCC_WARN_UNUSED_VARIABLE = YES;
				IPHONEOS_DEPLOYMENT_TARGET = 8.3;
				MTL_ENABLE_DEBUG_INFO = YES;
				ONLY_ACTIVE_ARCH = YES;
				SDKROOT = iphoneos;
				SWIFT_OPTIMIZATION_LEVEL = "-Onone";
			};
			name = Debug;
		};
		32D8B90A1AFDEA2900DB903E /* Release */ = {
			isa = XCBuildConfiguration;
			buildSettings = {
				ALWAYS_SEARCH_USER_PATHS = NO;
				CLANG_CXX_LANGUAGE_STANDARD = "gnu++0x";
				CLANG_CXX_LIBRARY = "libc++";
				CLANG_ENABLE_MODULES = YES;
				CLANG_ENABLE_OBJC_ARC = YES;
				CLANG_WARN_BOOL_CONVERSION = YES;
				CLANG_WARN_CONSTANT_CONVERSION = YES;
				CLANG_WARN_DIRECT_OBJC_ISA_USAGE = YES_ERROR;
				CLANG_WARN_EMPTY_BODY = YES;
				CLANG_WARN_ENUM_CONVERSION = YES;
				CLANG_WARN_INT_CONVERSION = YES;
				CLANG_WARN_OBJC_ROOT_CLASS = YES_ERROR;
				CLANG_WARN_UNREACHABLE_CODE = YES;
				CLANG_WARN__DUPLICATE_METHOD_MATCH = YES;
				"CODE_SIGN_IDENTITY[sdk=iphoneos*]" = "iPhone Developer";
				COPY_PHASE_STRIP = NO;
				DEBUG_INFORMATION_FORMAT = "dwarf-with-dsym";
				ENABLE_NS_ASSERTIONS = NO;
				ENABLE_STRICT_OBJC_MSGSEND = YES;
				GCC_C_LANGUAGE_STANDARD = gnu99;
				GCC_NO_COMMON_BLOCKS = YES;
				GCC_WARN_64_TO_32_BIT_CONVERSION = YES;
				GCC_WARN_ABOUT_RETURN_TYPE = YES_ERROR;
				GCC_WARN_UNDECLARED_SELECTOR = YES;
				GCC_WARN_UNINITIALIZED_AUTOS = YES_AGGRESSIVE;
				GCC_WARN_UNUSED_FUNCTION = YES;
				GCC_WARN_UNUSED_VARIABLE = YES;
				IPHONEOS_DEPLOYMENT_TARGET = 8.3;
				MTL_ENABLE_DEBUG_INFO = NO;
				SDKROOT = iphoneos;
				VALIDATE_PRODUCT = YES;
			};
			name = Release;
		};
		32D8B90C1AFDEA2900DB903E /* Debug */ = {
			isa = XCBuildConfiguration;
			buildSettings = {
				ASSETCATALOG_COMPILER_APPICON_NAME = AppIcon;
				INFOPLIST_FILE = "AutoLayout-question1/Info.plist";
				LD_RUNPATH_SEARCH_PATHS = "$(inherited) @executable_path/Frameworks";
				PRODUCT_NAME = "$(TARGET_NAME)";
			};
			name = Debug;
		};
		32D8B90D1AFDEA2900DB903E /* Release */ = {
			isa = XCBuildConfiguration;
			buildSettings = {
				ASSETCATALOG_COMPILER_APPICON_NAME = AppIcon;
				INFOPLIST_FILE = "AutoLayout-question1/Info.plist";
				LD_RUNPATH_SEARCH_PATHS = "$(inherited) @executable_path/Frameworks";
				PRODUCT_NAME = "$(TARGET_NAME)";
			};
			name = Release;
		};
		32D8B90F1AFDEA2900DB903E /* Debug */ = {
			isa = XCBuildConfiguration;
			buildSettings = {
				BUNDLE_LOADER = "$(TEST_HOST)";
				FRAMEWORK_SEARCH_PATHS = (
					"$(SDKROOT)/Developer/Library/Frameworks",
					"$(inherited)",
				);
				GCC_PREPROCESSOR_DEFINITIONS = (
					"DEBUG=1",
					"$(inherited)",
				);
				INFOPLIST_FILE = "AutoLayout-question1Tests/Info.plist";
				LD_RUNPATH_SEARCH_PATHS = "$(inherited) @executable_path/Frameworks @loader_path/Frameworks";
				PRODUCT_NAME = "$(TARGET_NAME)";
				TEST_HOST = "$(BUILT_PRODUCTS_DIR)/AutoLayout-question1.app/AutoLayout-question1";
			};
			name = Debug;
		};
		32D8B9101AFDEA2900DB903E /* Release */ = {
			isa = XCBuildConfiguration;
			buildSettings = {
				BUNDLE_LOADER = "$(TEST_HOST)";
				FRAMEWORK_SEARCH_PATHS = (
					"$(SDKROOT)/Developer/Library/Frameworks",
					"$(inherited)",
				);
				INFOPLIST_FILE = "AutoLayout-question1Tests/Info.plist";
				LD_RUNPATH_SEARCH_PATHS = "$(inherited) @executable_path/Frameworks @loader_path/Frameworks";
				PRODUCT_NAME = "$(TARGET_NAME)";
				TEST_HOST = "$(BUILT_PRODUCTS_DIR)/AutoLayout-question1.app/AutoLayout-question1";
			};
			name = Release;
		};
/* End XCBuildConfiguration section */

/* Begin XCConfigurationList section */
		32D8B8E71AFDEA2900DB903E /* Build configuration list for PBXProject "AutoLayout-question1" */ = {
			isa = XCConfigurationList;
			buildConfigurations = (
				32D8B9091AFDEA2900DB903E /* Debug */,
				32D8B90A1AFDEA2900DB903E /* Release */,
			);
			defaultConfigurationIsVisible = 0;
			defaultConfigurationName = Release;
		};
		32D8B90B1AFDEA2900DB903E /* Build configuration list for PBXNativeTarget "AutoLayout-question1" */ = {
			isa = XCConfigurationList;
			buildConfigurations = (
				32D8B90C1AFDEA2900DB903E /* Debug */,
				32D8B90D1AFDEA2900DB903E /* Release */,
			);
			defaultConfigurationIsVisible = 0;
		};
		32D8B90E1AFDEA2900DB903E /* Build configuration list for PBXNativeTarget "AutoLayout-question1Tests" */ = {
			isa = XCConfigurationList;
			buildConfigurations = (
				32D8B90F1AFDEA2900DB903E /* Debug */,
				32D8B9101AFDEA2900DB903E /* Release */,
			);
			defaultConfigurationIsVisible = 0;
		};
/* End XCConfigurationList section */
	};
	rootObject = 32D8B8E41AFDEA2900DB903E /* Project object */;
}
